{
  "name": "gsd-path",
  "version": "1.0.0",
  "lockfileVersion": 3,
  "requires": true,
  "packages": {
    "": {
      "name": "gsd-path",
      "version": "1.0.0",
      "license": "MIT",
      "bin": {
        "gsd-path": "scripts/install.mjs"
      },
      "engines": {
        "node": ">=18.17"
      }
    }
  }
}
